github.com/vipally/glab v0.0.0-20210303072306-9509406f9fc5 h1:dOJ0i6561gO6wuv9A4S/Vf/QMRiBM4hnoFRTruuUp2E=
github.com/vipally/glab v0.0.0-20210303072306-9509406f9fc5/go.mod h1:V++Voj464HapMq4ndQG0GuN4ZhKiC2GsaUAzayv0fLo=
github.com/vipally/gx v0.0.0-20210321154919-51dcaea66916 h1:jhG7UZ8lsymfCmu52nNgyYcJgZH2DiXzSsepeVfW65g=
github.com/vipally/gx v0.0.0-20210321154919-51dcaea66916/go.mod h1:ngYJ4rMDDpCZXxvSSxgweFd9/PIQHcK4qVk1+glrv7U=
